
Microsoft Visual Studio Solution File, Format Version 11.00
# Visual Studio 2010
# SharpDevelop 4.0.0.7070
Project("{FAE04EC0-301F-11D3-BF4B-00C04F79EFBC}") = "WatchCilent", "WatchCilent\WatchCilent.csproj", "{AB7A7B2C-BDBD-4863-91B4-511817E8F959}"
EndProject
Project("{FAE04EC0-301F-11D3-BF4B-00C04F79EFBC}") = "WatchServer", "WatchServer\WatchServer.csproj", "{58F1AE2E-18C7-4368-AC7A-B125C8BD4987}"
EndProject
Project("{FAE04EC0-301F-11D3-BF4B-00C04F79EFBC}") = "WatchService", "WatchService\WatchService.csproj", "{676D6C7E-FB85-4F16-BDAB-335F86A86E1A}"
EndProject
Project("{FAE04EC0-301F-11D3-BF4B-00C04F79EFBC}") = "WatchTest", "WatchTest\WatchTest.csproj", "{90E6E63B-DEBD-4B8E-8F16-8B5D496960C5}"
EndProject
Global
	GlobalSection(SolutionConfigurationPlatforms) = preSolution
		Debug|x86 = Debug|x86
		Release|x86 = Release|x86
		Debug|Any CPU = Debug|Any CPU
		Release|Any CPU = Release|Any CPU
	EndGlobalSection
	GlobalSection(ProjectConfigurationPlatforms) = postSolution
		{AB7A7B2C-BDBD-4863-91B4-511817E8F959}.Debug|x86.Build.0 = Debug|x86
		{AB7A7B2C-BDBD-4863-91B4-511817E8F959}.Debug|x86.ActiveCfg = Debug|x86
		{AB7A7B2C-BDBD-4863-91B4-511817E8F959}.Release|x86.Build.0 = Release|x86
		{AB7A7B2C-BDBD-4863-91B4-511817E8F959}.Release|x86.ActiveCfg = Release|x86
		{58F1AE2E-18C7-4368-AC7A-B125C8BD4987}.Debug|x86.Build.0 = Debug|x86
		{58F1AE2E-18C7-4368-AC7A-B125C8BD4987}.Debug|x86.ActiveCfg = Debug|x86
		{58F1AE2E-18C7-4368-AC7A-B125C8BD4987}.Debug|Any CPU.Build.0 = Debug|x86
		{58F1AE2E-18C7-4368-AC7A-B125C8BD4987}.Debug|Any CPU.ActiveCfg = Debug|x86
		{58F1AE2E-18C7-4368-AC7A-B125C8BD4987}.Release|x86.Build.0 = Release|x86
		{58F1AE2E-18C7-4368-AC7A-B125C8BD4987}.Release|x86.ActiveCfg = Release|x86
		{58F1AE2E-18C7-4368-AC7A-B125C8BD4987}.Release|Any CPU.Build.0 = Release|x86
		{58F1AE2E-18C7-4368-AC7A-B125C8BD4987}.Release|Any CPU.ActiveCfg = Release|x86
		{676D6C7E-FB85-4F16-BDAB-335F86A86E1A}.Debug|x86.Build.0 = Debug|x86
		{676D6C7E-FB85-4F16-BDAB-335F86A86E1A}.Debug|x86.ActiveCfg = Debug|x86
		{676D6C7E-FB85-4F16-BDAB-335F86A86E1A}.Debug|Any CPU.Build.0 = Debug|x86
		{676D6C7E-FB85-4F16-BDAB-335F86A86E1A}.Debug|Any CPU.ActiveCfg = Debug|x86
		{676D6C7E-FB85-4F16-BDAB-335F86A86E1A}.Release|x86.Build.0 = Release|x86
		{676D6C7E-FB85-4F16-BDAB-335F86A86E1A}.Release|x86.ActiveCfg = Release|x86
		{676D6C7E-FB85-4F16-BDAB-335F86A86E1A}.Release|Any CPU.Build.0 = Release|x86
		{676D6C7E-FB85-4F16-BDAB-335F86A86E1A}.Release|Any CPU.ActiveCfg = Release|x86
		{AB7A7B2C-BDBD-4863-91B4-511817E8F959}.Debug|Any CPU.Build.0 = Debug|Any CPU
		{AB7A7B2C-BDBD-4863-91B4-511817E8F959}.Debug|Any CPU.ActiveCfg = Debug|Any CPU
		{AB7A7B2C-BDBD-4863-91B4-511817E8F959}.Release|Any CPU.Build.0 = Release|Any CPU
		{AB7A7B2C-BDBD-4863-91B4-511817E8F959}.Release|Any CPU.ActiveCfg = Release|Any CPU
		{90E6E63B-DEBD-4B8E-8F16-8B5D496960C5}.Debug|x86.Build.0 = Debug|x86
		{90E6E63B-DEBD-4B8E-8F16-8B5D496960C5}.Debug|x86.ActiveCfg = Debug|x86
		{90E6E63B-DEBD-4B8E-8F16-8B5D496960C5}.Debug|Any CPU.Build.0 = Debug|x86
		{90E6E63B-DEBD-4B8E-8F16-8B5D496960C5}.Debug|Any CPU.ActiveCfg = Debug|x86
		{90E6E63B-DEBD-4B8E-8F16-8B5D496960C5}.Release|x86.Build.0 = Release|x86
		{90E6E63B-DEBD-4B8E-8F16-8B5D496960C5}.Release|x86.ActiveCfg = Release|x86
		{90E6E63B-DEBD-4B8E-8F16-8B5D496960C5}.Release|Any CPU.Build.0 = Release|x86
		{90E6E63B-DEBD-4B8E-8F16-8B5D496960C5}.Release|Any CPU.ActiveCfg = Release|x86
	EndGlobalSection
EndGlobal
